// !$*UTF8*$!
{
	archiveVersion = 1;
	classes = {
	};
	objectVersion = 55;
	objects = {

/* Begin PBXBuildFile section */
		691F165029B0D9F800163CE0 /* AppDelegate.swift in Sources */ = {isa = PBXBuildFile; fileRef = 691F164F29B0D9F800163CE0 /* AppDelegate.swift */; };
		691F165229B0D9F800163CE0 /* SceneDelegate.swift in Sources */ = {isa = PBXBuildFile; fileRef = 691F165129B0D9F800163CE0 /* SceneDelegate.swift */; };
		691F165429B0D9F800163CE0 /* ViewController.swift in Sources */ = {isa = PBXBuildFile; fileRef = 691F165329B0D9F800163CE0 /* ViewController.swift */; };
		691F165729B0D9F800163CE0 /* Main.storyboard in Resources */ = {isa = PBXBuildFile; fileRef = 691F165529B0D9F800163CE0 /* Main.storyboard */; };
		691F165929B0D9F900163CE0 /* Assets.xcassets in Resources */ = {isa = PBXBuildFile; fileRef = 691F165829B0D9F900163CE0 /* Assets.xcassets */; };
		691F165C29B0D9F900163CE0 /* LaunchScreen.storyboard in Resources */ = {isa = PBXBuildFile; fileRef = 691F165A29B0D9F900163CE0 /* LaunchScreen.storyboard */; };
		691F166629B0DACD00163CE0 /* ProductTableViewCell.swift in Sources */ = {isa = PBXBuildFile; fileRef = 691F166429B0DACD00163CE0 /* ProductTableViewCell.swift */; };
		691F166729B0DACD00163CE0 /* ProductTableViewCell.xib in Resources */ = {isa = PBXBuildFile; fileRef = 691F166529B0DACD00163CE0 /* ProductTableViewCell.xib */; };
		691F166B29B0DC1F00163CE0 /* ProductViewController.swift in Sources */ = {isa = PBXBuildFile; fileRef = 691F166929B0DC1F00163CE0 /* ProductViewController.swift */; };
		691F166C29B0DC1F00163CE0 /* ProductViewController.xib in Resources */ = {isa = PBXBuildFile; fileRef = 691F166A29B0DC1F00163CE0 /* ProductViewController.xib */; };
		691F166F29B0DD1100163CE0 /* Model.swift in Sources */ = {isa = PBXBuildFile; fileRef = 691F166E29B0DD1100163CE0 /* Model.swift */; };
		691F167229B0DDF800163CE0 /* ApiService.swift in Sources */ = {isa = PBXBuildFile; fileRef = 691F167129B0DDF800163CE0 /* ApiService.swift */; };
		691F167629B0E1DE00163CE0 /* UIImageView.swift in Sources */ = {isa = PBXBuildFile; fileRef = 691F167529B0E1DE00163CE0 /* UIImageView.swift */; };
		691F167929B0EE9C00163CE0 /* ProductDetailViewController.swift in Sources */ = {isa = PBXBuildFile; fileRef = 691F167729B0EE9C00163CE0 /* ProductDetailViewController.swift */; };
		691F167A29B0EE9C00163CE0 /* ProductDetailViewController.xib in Resources */ = {isa = PBXBuildFile; fileRef = 691F167829B0EE9C00163CE0 /* ProductDetailViewController.xib */; };
/* End PBXBuildFile section */

/* Begin PBXFileReference section */
		691F164C29B0D9F800163CE0 /* TestingPERTAMA.app */ = {isa = PBXFileReference; explicitFileType = wrapper.application; includeInIndex = 0; path = TestingPERTAMA.app; sourceTree = BUILT_PRODUCTS_DIR; };
		691F164F29B0D9F800163CE0 /* AppDelegate.swift */ = {isa = PBXFileReference; lastKnownFileType = sourcecode.swift; path = AppDelegate.swift; sourceTree = "<group>"; };
		691F165129B0D9F800163CE0 /* SceneDelegate.swift */ = {isa = PBXFileReference; lastKnownFileType = sourcecode.swift; path = SceneDelegate.swift; sourceTree = "<group>"; };
		691F165329B0D9F800163CE0 /* ViewController.swift */ = {isa = PBXFileReference; lastKnownFileType = sourcecode.swift; path = ViewController.swift; sourceTree = "<group>"; };
		691F165629B0D9F800163CE0 /* Base */ = {isa = PBXFileReference; lastKnownFileType = file.storyboard; name = Base; path = Base.lproj/Main.storyboard; sourceTree = "<group>"; };
		691F165829B0D9F900163CE0 /* Assets.xcassets */ = {isa = PBXFileReference; lastKnownFileType = folder.assetcatalog; path = Assets.xcassets; sourceTree = "<group>"; };
		691F165B29B0D9F900163CE0 /* Base */ = {isa = PBXFileReference; lastKnownFileType = file.storyboard; name = Base; path = Base.lproj/LaunchScreen.storyboard; sourceTree = "<group>"; };
		691F165D29B0D9F900163CE0 /* Info.plist */ = {isa = PBXFileReference; lastKnownFileType = text.plist.xml; path = Info.plist; sourceTree = "<group>"; };
		691F166429B0DACD00163CE0 /* ProductTableViewCell.swift */ = {isa = PBXFileReference; lastKnownFileType = sourcecode.swift; path = ProductTableViewCell.swift; sourceTree = "<group>"; };
		691F166529B0DACD00163CE0 /* ProductTableViewCell.xib */ = {isa = PBXFileReference; lastKnownFileType = file.xib; path = ProductTableViewCell.xib; sourceTree = "<group>"; };
		691F166929B0DC1F00163CE0 /* ProductViewController.swift */ = {isa = PBXFileReference; lastKnownFileType = sourcecode.swift; path = ProductViewController.swift; sourceTree = "<group>"; };
		691F166A29B0DC1F00163CE0 /* ProductViewController.xib */ = {isa = PBXFileReference; lastKnownFileType = file.xib; path = ProductViewController.xib; sourceTree = "<group>"; };
		691F166E29B0DD1100163CE0 /* Model.swift */ = {isa = PBXFileReference; lastKnownFileType = sourcecode.swift; path = Model.swift; sourceTree = "<group>"; };
		691F167129B0DDF800163CE0 /* ApiService.swift */ = {isa = PBXFileReference; lastKnownFileType = sourcecode.swift; path = ApiService.swift; sourceTree = "<group>"; };
		691F167529B0E1DE00163CE0 /* UIImageView.swift */ = {isa = PBXFileReference; lastKnownFileType = sourcecode.swift; path = UIImageView.swift; sourceTree = "<group>"; };
		691F167729B0EE9C00163CE0 /* ProductDetailViewController.swift */ = {isa = PBXFileReference; lastKnownFileType = sourcecode.swift; path = ProductDetailViewController.swift; sourceTree = "<group>"; };
		691F167829B0EE9C00163CE0 /* ProductDetailViewController.xib */ = {isa = PBXFileReference; lastKnownFileType = file.xib; path = ProductDetailViewController.xib; sourceTree = "<group>"; };
/* End PBXFileReference section */

/* Begin PBXFrameworksBuildPhase section */
		691F164929B0D9F800163CE0 /* Frameworks */ = {
			isa = PBXFrameworksBuildPhase;
			buildActionMask = 2147483647;
			files = (
			);
			runOnlyForDeploymentPostprocessing = 0;
		};
/* End PBXFrameworksBuildPhase section */

/* Begin PBXGroup section */
		691F164329B0D9F800163CE0 = {
			isa = PBXGroup;
			children = (
				691F164E29B0D9F800163CE0 /* TestingPERTAMA */,
				691F164D29B0D9F800163CE0 /* Products */,
			);
			sourceTree = "<group>";
		};
		691F164D29B0D9F800163CE0 /* Products */ = {
			isa = PBXGroup;
			children = (
				691F164C29B0D9F800163CE0 /* TestingPERTAMA.app */,
			);
			name = Products;
			sourceTree = "<group>";
		};
		691F164E29B0D9F800163CE0 /* TestingPERTAMA */ = {
			isa = PBXGroup;
			children = (
				691F167429B0E1CC00163CE0 /* Extension */,
				691F167029B0DDE200163CE0 /* Networking */,
				691F166D29B0DD0600163CE0 /* Model */,
				691F166829B0DBF300163CE0 /* ViewController */,
				691F166329B0DAAB00163CE0 /* Cell */,
				691F164F29B0D9F800163CE0 /* AppDelegate.swift */,
				691F165129B0D9F800163CE0 /* SceneDelegate.swift */,
				691F165329B0D9F800163CE0 /* ViewController.swift */,
				691F165529B0D9F800163CE0 /* Main.storyboard */,
				691F165829B0D9F900163CE0 /* Assets.xcassets */,
				691F165A29B0D9F900163CE0 /* LaunchScreen.storyboard */,
				691F165D29B0D9F900163CE0 /* Info.plist */,
			);
			path = TestingPERTAMA;
			sourceTree = "<group>";
		};
		691F166329B0DAAB00163CE0 /* Cell */ = {
			isa = PBXGroup;
			children = (
				691F166429B0DACD00163CE0 /* ProductTableViewCell.swift */,
				691F166529B0DACD00163CE0 /* ProductTableViewCell.xib */,
			);
			path = Cell;
			sourceTree = "<group>";
		};
		691F166829B0DBF300163CE0 /* ViewController */ = {
			isa = PBXGroup;
			children = (
				691F166929B0DC1F00163CE0 /* ProductViewController.swift */,
				691F166A29B0DC1F00163CE0 /* ProductViewController.xib */,
				691F167729B0EE9C00163CE0 /* ProductDetailViewController.swift */,
				691F167829B0EE9C00163CE0 /* ProductDetailViewController.xib */,
			);
			path = ViewController;
			sourceTree = "<group>";
		};
		691F166D29B0DD0600163CE0 /* Model */ = {
			isa = PBXGroup;
			children = (
				691F166E29B0DD1100163CE0 /* Model.swift */,
			);
			path = Model;
			sourceTree = "<group>";
		};
		691F167029B0DDE200163CE0 /* Networking */ = {
			isa = PBXGroup;
			children = (
				691F167129B0DDF800163CE0 /* ApiService.swift */,
			);
			path = Networking;
			sourceTree = "<group>";
		};
		691F167429B0E1CC00163CE0 /* Extension */ = {
			isa = PBXGroup;
			children = (
				691F167529B0E1DE00163CE0 /* UIImageView.swift */,
			);
			path = Extension;
			sourceTree = "<group>";
		};
/* End PBXGroup section */

/* Begin PBXNativeTarget section */
		691F164B29B0D9F800163CE0 /* TestingPERTAMA */ = {
			isa = PBXNativeTarget;
			buildConfigurationList = 691F166029B0D9F900163CE0 /* Build configuration list for PBXNativeTarget "TestingPERTAMA" */;
			buildPhases = (
				691F164829B0D9F800163CE0 /* Sources */,
				691F164929B0D9F800163CE0 /* Frameworks */,
				691F164A29B0D9F800163CE0 /* Resources */,
			);
			buildRules = (
			);
			dependencies = (
			);
			name = TestingPERTAMA;
			productName = TestingPERTAMA;
			productReference = 691F164C29B0D9F800163CE0 /* TestingPERTAMA.app */;
			productType = "com.apple.product-type.application";
		};
/* End PBXNativeTarget section */

/* Begin PBXProject section */
		691F164429B0D9F800163CE0 /* Project object */ = {
			isa = PBXProject;
			attributes = {
				BuildIndependentTargetsInParallel = 1;
				LastSwiftUpdateCheck = 1330;
				LastUpgradeCheck = 1330;
				TargetAttributes = {
					691F164B29B0D9F800163CE0 = {
						CreatedOnToolsVersion = 13.3;
					};
				};
			};
			buildConfigurationList = 691F164729B0D9F800163CE0 /* Build configuration list for PBXProject "TestingPERTAMA" */;
			compatibilityVersion = "Xcode 13.0";
			developmentRegion = en;
			hasScannedForEncodings = 0;
			knownRegions = (
				en,
				Base,
			);
			mainGroup = 691F164329B0D9F800163CE0;
			productRefGroup = 691F164D29B0D9F800163CE0 /* Products */;
			projectDirPath = "";
			projectRoot = "";
			targets = (
				691F164B29B0D9F800163CE0 /* TestingPERTAMA */,
			);
		};
/* End PBXProject section */

/* Begin PBXResourcesBuildPhase section */
		691F164A29B0D9F800163CE0 /* Resources */ = {
			isa = PBXResourcesBuildPhase;
			buildActionMask = 2147483647;
			files = (
				691F165C29B0D9F900163CE0 /* LaunchScreen.storyboard in Resources */,
				691F166729B0DACD00163CE0 /* ProductTableViewCell.xib in Resources */,
				691F165929B0D9F900163CE0 /* Assets.xcassets in Resources */,
				691F165729B0D9F800163CE0 /* Main.storyboard in Resources */,
				691F166C29B0DC1F00163CE0 /* ProductViewController.xib in Resources */,
				691F167A29B0EE9C00163CE0 /* ProductDetailViewController.xib in Resources */,
			);
			runOnlyForDeploymentPostprocessing = 0;
		};
/* End PBXResourcesBuildPhase section */

/* Begin PBXSourcesBuildPhase section */
		691F164829B0D9F800163CE0 /* Sources */ = {
			isa = PBXSourcesBuildPhase;
			buildActionMask = 2147483647;
			files = (
				691F167629B0E1DE00163CE0 /* UIImageView.swift in Sources */,
				691F165429B0D9F800163CE0 /* ViewController.swift in Sources */,
				691F167929B0EE9C00163CE0 /* ProductDetailViewController.swift in Sources */,
				691F166629B0DACD00163CE0 /* ProductTableViewCell.swift in Sources */,
				691F165029B0D9F800163CE0 /* AppDelegate.swift in Sources */,
				691F166F29B0DD1100163CE0 /* Model.swift in Sources */,
				691F166B29B0DC1F00163CE0 /* ProductViewController.swift in Sources */,
				691F167229B0DDF800163CE0 /* ApiService.swift in Sources */,
				691F165229B0D9F800163CE0 /* SceneDelegate.swift in Sources */,
			);
			runOnlyForDeploymentPostprocessing = 0;
		};
/* End PBXSourcesBuildPhase section */

/* Begin PBXVariantGroup section */
		691F165529B0D9F800163CE0 /* Main.storyboard */ = {
			isa = PBXVariantGroup;
			children = (
				691F165629B0D9F800163CE0 /* Base */,
			);
			name = Main.storyboard;
			sourceTree = "<group>";
		};
		691F165A29B0D9F900163CE0 /* LaunchScreen.storyboard */ = {
			isa = PBXVariantGroup;
			children = (
				691F165B29B0D9F900163CE0 /* Base */,
			);
			name = LaunchScreen.storyboard;
			sourceTree = "<group>";
		};
/* End PBXVariantGroup section */

/* Begin XCBuildConfiguration section */
		691F165E29B0D9F900163CE0 /* Debug */ = {
			isa = XCBuildConfiguration;
			buildSettings = {
				ALWAYS_SEARCH_USER_PATHS = NO;
				CLANG_ANALYZER_NONNULL = YES;
				CLANG_ANALYZER_NUMBER_OBJECT_CONVERSION = YES_AGGRESSIVE;
				CLANG_CXX_LANGUAGE_STANDARD = "gnu++17";
				CLANG_ENABLE_MODULES = YES;
				CLANG_ENABLE_OBJC_ARC = YES;
				CLANG_ENABLE_OBJC_WEAK = YES;
				CLANG_WARN_BLOCK_CAPTURE_AUTORELEASING = YES;
				CLANG_WARN_BOOL_CONVERSION = YES;
				CLANG_WARN_COMMA = YES;
				CLANG_WARN_CONSTANT_CONVERSION = YES;
				CLANG_WARN_DEPRECATED_OBJC_IMPLEMENTATIONS = YES;
				CLANG_WARN_DIRECT_OBJC_ISA_USAGE = YES_ERROR;
				CLANG_WARN_DOCUMENTATION_COMMENTS = YES;
				CLANG_WARN_EMPTY_BODY = YES;
				CLANG_WARN_ENUM_CONVERSION = YES;
				CLANG_WARN_INFINITE_RECURSION = YES;
				CLANG_WARN_INT_CONVERSION = YES;
				CLANG_WARN_NON_LITERAL_NULL_CONVERSION = YES;
				CLANG_WARN_OBJC_IMPLICIT_RETAIN_SELF = YES;
				CLANG_WARN_OBJC_LITERAL_CONVERSION = YES;
				CLANG_WARN_OBJC_ROOT_CLASS = YES_ERROR;
				CLANG_WARN_QUOTED_INCLUDE_IN_FRAMEWORK_HEADER = YES;
				CLANG_WARN_RANGE_LOOP_ANALYSIS = YES;
				CLANG_WARN_STRICT_PROTOTYPES = YES;
				CLANG_WARN_SUSPICIOUS_MOVE = YES;
				CLANG_WARN_UNGUARDED_AVAILABILITY = YES_AGGRESSIVE;
				CLANG_WARN_UNREACHABLE_CODE = YES;
				CLANG_WARN__DUPLICATE_METHOD_MATCH = YES;
				COPY_PHASE_STRIP = NO;
				DEBUG_INFORMATION_FORMAT = dwarf;
				ENABLE_STRICT_OBJC_MSGSEND = YES;
				ENABLE_TESTABILITY = YES;
				GCC_C_LANGUAGE_STANDARD = gnu11;
				GCC_DYNAMIC_NO_PIC = NO;
				GCC_NO_COMMON_BLOCKS = YES;
				GCC_OPTIMIZATION_LEVEL = 0;
				GCC_PREPROCESSOR_DEFINITIONS = (
					"DEBUG=1",
					"$(inherited)",
				);
				GCC_WARN_64_TO_32_BIT_CONVERSION = YES;
				GCC_WARN_ABOUT_RETURN_TYPE = YES_ERROR;
				GCC_WARN_UNDECLARED_SELECTOR = YES;
				GCC_WARN_UNINITIALIZED_AUTOS = YES_AGGRESSIVE;
				GCC_WARN_UNUSED_FUNCTION = YES;
				GCC_WARN_UNUSED_VARIABLE = YES;
				IPHONEOS_DEPLOYMENT_TARGET = 15.4;
				MTL_ENABLE_DEBUG_INFO = INCLUDE_SOURCE;
				MTL_FAST_MATH = YES;
				ONLY_ACTIVE_ARCH = YES;
				SDKROOT = iphoneos;
				SWIFT_ACTIVE_COMPILATION_CONDITIONS = DEBUG;
				SWIFT_OPTIMIZATION_LEVEL = "-Onone";
			};
			name = Debug;
		};
		691F165F29B0D9F900163CE0 /* Release */ = {
			isa = XCBuildConfiguration;
			buildSettings = {
				ALWAYS_SEARCH_USER_PATHS = NO;
				CLANG_ANALYZER_NONNULL = YES;
				CLANG_ANALYZER_NUMBER_OBJECT_CONVERSION = YES_AGGRESSIVE;
				CLANG_CXX_LANGUAGE_STANDARD = "gnu++17";
				CLANG_ENABLE_MODULES = YES;
				CLANG_ENABLE_OBJC_ARC = YES;
				CLANG_ENABLE_OBJC_WEAK = YES;
				CLANG_WARN_BLOCK_CAPTURE_AUTORELEASING = YES;
				CLANG_WARN_BOOL_CONVERSION = YES;
				CLANG_WARN_COMMA = YES;
				CLANG_WARN_CONSTANT_CONVERSION = YES;
				CLANG_WARN_DEPRECATED_OBJC_IMPLEMENTATIONS = YES;
				CLANG_WARN_DIRECT_OBJC_ISA_USAGE = YES_ERROR;
				CLANG_WARN_DOCUMENTATION_COMMENTS = YES;
				CLANG_WARN_EMPTY_BODY = YES;
				CLANG_WARN_ENUM_CONVERSION = YES;
				CLANG_WARN_INFINITE_RECURSION = YES;
				CLANG_WARN_INT_CONVERSION = YES;
				CLANG_WARN_NON_LITERAL_NULL_CONVERSION = YES;
				CLANG_WARN_OBJC_IMPLICIT_RETAIN_SELF = YES;
				CLANG_WARN_OBJC_LITERAL_CONVERSION = YES;
				CLANG_WARN_OBJC_ROOT_CLASS = YES_ERROR;
				CLANG_WARN_QUOTED_INCLUDE_IN_FRAMEWORK_HEADER = YES;
				CLANG_WARN_RANGE_LOOP_ANALYSIS = YES;
				CLANG_WARN_STRICT_PROTOTYPES = YES;
				CLANG_WARN_SUSPICIOUS_MOVE = YES;
				CLANG_WARN_UNGUARDED_AVAILABILITY = YES_AGGRESSIVE;
				CLANG_WARN_UNREACHABLE_CODE = YES;
				CLANG_WARN__DUPLICATE_METHOD_MATCH = YES;
				COPY_PHASE_STRIP = NO;
				DEBUG_INFORMATION_FORMAT = "dwarf-with-dsym";
				ENABLE_NS_ASSERTIONS = NO;
				ENABLE_STRICT_OBJC_MSGSEND = YES;
				GCC_C_LANGUAGE_STANDARD = gnu11;
				GCC_NO_COMMON_BLOCKS = YES;
				GCC_WARN_64_TO_32_BIT_CONVERSION = YES;
				GCC_WARN_ABOUT_RETURN_TYPE = YES_ERROR;
				GCC_WARN_UNDECLARED_SELECTOR = YES;
				GCC_WARN_UNINITIALIZED_AUTOS = YES_AGGRESSIVE;
				GCC_WARN_UNUSED_FUNCTION = YES;
				GCC_WARN_UNUSED_VARIABLE = YES;
				IPHONEOS_DEPLOYMENT_TARGET = 15.4;
				MTL_ENABLE_DEBUG_INFO = NO;
				MTL_FAST_MATH = YES;
				SDKROOT = iphoneos;
				SWIFT_COMPILATION_MODE = wholemodule;
				SWIFT_OPTIMIZATION_LEVEL = "-O";
				VALIDATE_PRODUCT = YES;
			};
			name = Release;
		};
		691F166129B0D9F900163CE0 /* Debug */ = {
			isa = XCBuildConfiguration;
			buildSettings = {
				ASSETCATALOG_COMPILER_APPICON_NAME = AppIcon;
				ASSETCATALOG_COMPILER_GLOBAL_ACCENT_COLOR_NAME = AccentColor;
				CODE_SIGN_STYLE = Automatic;
				CURRENT_PROJECT_VERSION = 1;
				DEVELOPMENT_TEAM = B3WXM85Q9P;
				GENERATE_INFOPLIST_FILE = YES;
				INFOPLIST_FILE = TestingPERTAMA/Info.plist;
				INFOPLIST_KEY_UIApplicationSupportsIndirectInputEvents = YES;
				INFOPLIST_KEY_UILaunchStoryboardName = LaunchScreen;
				INFOPLIST_KEY_UIMainStoryboardFile = Main;
				INFOPLIST_KEY_UISupportedInterfaceOrientations_iPad = "UIInterfaceOrientationPortrait UIInterfaceOrientationPortraitUpsideDown UIInterfaceOrientationLandscapeLeft UIInterfaceOrientationLandscapeRight";
				INFOPLIST_KEY_UISupportedInterfaceOrientations_iPhone = "UIInterfaceOrientationPortrait UIInterfaceOrientationLandscapeLeft UIInterfaceOrientationLandscapeRight";
				LD_RUNPATH_SEARCH_PATHS = (
					"$(inherited)",
					"@executable_path/Frameworks",
				);
				MARKETING_VERSION = 1.0;
				PRODUCT_BUNDLE_IDENTIFIER = id.infinitelearning.TestingPERTAMA;
				PRODUCT_NAME = "$(TARGET_NAME)";
				SWIFT_EMIT_LOC_STRINGS = YES;
				SWIFT_VERSION = 5.0;
				TARGETED_DEVICE_FAMILY = "1,2";
			};
			name = Debug;
		};
		691F166229B0D9F900163CE0 /* Release */ = {
			isa = XCBuildConfiguration;
			buildSettings = {
				ASSETCATALOG_COMPILER_APPICON_NAME = AppIcon;
				ASSETCATALOG_COMPILER_GLOBAL_ACCENT_COLOR_NAME = AccentColor;
				CODE_SIGN_STYLE = Automatic;
				CURRENT_PROJECT_VERSION = 1;
				DEVELOPMENT_TEAM = B3WXM85Q9P;
				GENERATE_INFOPLIST_FILE = YES;
				INFOPLIST_FILE = TestingPERTAMA/Info.plist;
				INFOPLIST_KEY_UIApplicationSupportsIndirectInputEvents = YES;
				INFOPLIST_KEY_UILaunchStoryboardName = LaunchScreen;
				INFOPLIST_KEY_UIMainStoryboardFile = Main;
				INFOPLIST_KEY_UISupportedInterfaceOrientations_iPad = "UIInterfaceOrientationPortrait UIInterfaceOrientationPortraitUpsideDown UIInterfaceOrientationLandscapeLeft UIInterfaceOrientationLandscapeRight";
				INFOPLIST_KEY_UISupportedInterfaceOrientations_iPhone = "UIInterfaceOrientationPortrait UIInterfaceOrientationLandscapeLeft UIInterfaceOrientationLandscapeRight";
				LD_RUNPATH_SEARCH_PATHS = (
					"$(inherited)",
					"@executable_path/Frameworks",
				);
				MARKETING_VERSION = 1.0;
				PRODUCT_BUNDLE_IDENTIFIER = id.infinitelearning.TestingPERTAMA;
				PRODUCT_NAME = "$(TARGET_NAME)";
				SWIFT_EMIT_LOC_STRINGS = YES;
				SWIFT_VERSION = 5.0;
				TARGETED_DEVICE_FAMILY = "1,2";
			};
			name = Release;
		};
/* End XCBuildConfiguration section */

/* Begin XCConfigurationList section */
		691F164729B0D9F800163CE0 /* Build configuration list for PBXProject "TestingPERTAMA" */ = {
			isa = XCConfigurationList;
			buildConfigurations = (
				691F165E29B0D9F900163CE0 /* Debug */,
				691F165F29B0D9F900163CE0 /* Release */,
			);
			defaultConfigurationIsVisible = 0;
			defaultConfigurationName = Release;
		};
		691F166029B0D9F900163CE0 /* Build configuration list for PBXNativeTarget "TestingPERTAMA" */ = {
			isa = XCConfigurationList;
			buildConfigurations = (
				691F166129B0D9F900163CE0 /* Debug */,
				691F166229B0D9F900163CE0 /* Release */,
			);
			defaultConfigurationIsVisible = 0;
			defaultConfigurationName = Release;
		};
/* End XCConfigurationList section */
	};
	rootObject = 691F164429B0D9F800163CE0 /* Project object */;
}
